# This file is automatically @generated by Cargo.
# It is not intended for manual editing.
version = 4

[[package]]
name = "verba-core"
version = "0.1.0"

[[package]]
name = "verba-ffi"
version = "0.1.0"

[[package]]
name = "verba-macos"
version = "0.1.0"

[[package]]
name = "verba-openai"
version = "0.1.0"
