// !$*UTF8*$!
{
	archiveVersion = 1;
	classes = {
	};
	objectVersion = 56;
	objects = {

/* Begin PBXBuildFile section */
		100000000000000000000001 /* VerbaApp.swift in Sources */ = {isa = PBXBuildFile; fileRef = 100000000000000000000002 /* VerbaApp.swift */; };
		100000000000000000000012 /* verba_ffi.swift in Sources */ = {isa = PBXBuildFile; fileRef = 100000000000000000000013 /* verba_ffi.swift */; };
		100000000000000000000016 /* MenuBarContentView.swift in Sources */ = {isa = PBXBuildFile; fileRef = 100000000000000000000017 /* MenuBarContentView.swift */; };
		100000000000000000000018 /* PopupContentView.swift in Sources */ = {isa = PBXBuildFile; fileRef = 100000000000000000000019 /* PopupContentView.swift */; };
		10000000000000000000001A /* PopupController.swift in Sources */ = {isa = PBXBuildFile; fileRef = 10000000000000000000001B /* PopupController.swift */; };
		10000000000000000000001C /* PopupPanel.swift in Sources */ = {isa = PBXBuildFile; fileRef = 10000000000000000000001D /* PopupPanel.swift */; };
		10000000000000000000001E /* PopupPositioner.swift in Sources */ = {isa = PBXBuildFile; fileRef = 10000000000000000000001F /* PopupPositioner.swift */; };
		100000000000000000000020 /* TranslationResultView.swift in Sources */ = {isa = PBXBuildFile; fileRef = 100000000000000000000021 /* TranslationResultView.swift */; };
		100000000000000000000022 /* PopupPreviewFixtures.swift in Sources */ = {isa = PBXBuildFile; fileRef = 100000000000000000000023 /* PopupPreviewFixtures.swift */; };
		100000000000000000000024 /* ProofreadingResultView.swift in Sources */ = {isa = PBXBuildFile; fileRef = 100000000000000000000025 /* ProofreadingResultView.swift */; };
/* End PBXBuildFile section */

/* Begin PBXFileReference section */
		100000000000000000000002 /* VerbaApp.swift */ = {isa = PBXFileReference; lastKnownFileType = sourcecode.swift; path = VerbaApp.swift; sourceTree = "<group>"; };
		100000000000000000000003 /* Verba.app */ = {isa = PBXFileReference; explicitFileType = wrapper.application; includeInIndex = 0; path = Verba.app; sourceTree = BUILT_PRODUCTS_DIR; };
		100000000000000000000013 /* verba_ffi.swift */ = {isa = PBXFileReference; lastKnownFileType = sourcecode.swift; path = verba_ffi.swift; sourceTree = "<group>"; };
		100000000000000000000017 /* MenuBarContentView.swift */ = {isa = PBXFileReference; lastKnownFileType = sourcecode.swift; path = MenuBarContentView.swift; sourceTree = "<group>"; };
		100000000000000000000019 /* PopupContentView.swift */ = {isa = PBXFileReference; lastKnownFileType = sourcecode.swift; path = PopupContentView.swift; sourceTree = "<group>"; };
		10000000000000000000001B /* PopupController.swift */ = {isa = PBXFileReference; lastKnownFileType = sourcecode.swift; path = PopupController.swift; sourceTree = "<group>"; };
		10000000000000000000001D /* PopupPanel.swift */ = {isa = PBXFileReference; lastKnownFileType = sourcecode.swift; path = PopupPanel.swift; sourceTree = "<group>"; };
		10000000000000000000001F /* PopupPositioner.swift */ = {isa = PBXFileReference; lastKnownFileType = sourcecode.swift; path = PopupPositioner.swift; sourceTree = "<group>"; };
		100000000000000000000021 /* TranslationResultView.swift */ = {isa = PBXFileReference; lastKnownFileType = sourcecode.swift; path = TranslationResultView.swift; sourceTree = "<group>"; };
		100000000000000000000023 /* PopupPreviewFixtures.swift */ = {isa = PBXFileReference; lastKnownFileType = sourcecode.swift; path = PopupPreviewFixtures.swift; sourceTree = "<group>"; };
		100000000000000000000025 /* ProofreadingResultView.swift */ = {isa = PBXFileReference; lastKnownFileType = sourcecode.swift; path = ProofreadingResultView.swift; sourceTree = "<group>"; };
/* End PBXFileReference section */

/* Begin PBXFrameworksBuildPhase section */
		100000000000000000000004 /* Frameworks */ = {
			isa = PBXFrameworksBuildPhase;
			buildActionMask = 2147483647;
			files = (
			);
			runOnlyForDeploymentPostprocessing = 0;
		};
/* End PBXFrameworksBuildPhase section */

/* Begin PBXGroup section */
		100000000000000000000005 = {
			isa = PBXGroup;
			children = (
				100000000000000000000006 /* Verba */,
				100000000000000000000014 /* Generated */,
				100000000000000000000007 /* Products */,
			);
			sourceTree = "<group>";
		};
		100000000000000000000006 /* Verba */ = {
			isa = PBXGroup;
			children = (
				100000000000000000000017 /* MenuBarContentView.swift */,
				100000000000000000000019 /* PopupContentView.swift */,
				100000000000000000000023 /* PopupPreviewFixtures.swift */,
				10000000000000000000001B /* PopupController.swift */,
				10000000000000000000001D /* PopupPanel.swift */,
				10000000000000000000001F /* PopupPositioner.swift */,
				100000000000000000000025 /* ProofreadingResultView.swift */,
				100000000000000000000021 /* TranslationResultView.swift */,
				100000000000000000000002 /* VerbaApp.swift */,
			);
			path = Verba;
			sourceTree = "<group>";
		};
		100000000000000000000007 /* Products */ = {
			isa = PBXGroup;
			children = (
				100000000000000000000003 /* Verba.app */,
			);
			name = Products;
			sourceTree = "<group>";
		};
		100000000000000000000014 /* Generated */ = {
			isa = PBXGroup;
			children = (
				100000000000000000000013 /* verba_ffi.swift */,
			);
			path = Generated;
			sourceTree = "<group>";
		};
/* End PBXGroup section */

/* Begin PBXNativeTarget section */
		100000000000000000000008 /* Verba */ = {
			isa = PBXNativeTarget;
			buildConfigurationList = 100000000000000000000009 /* Build configuration list for PBXNativeTarget "Verba" */;
			buildPhases = (
				100000000000000000000015 /* Build Rust bridge */,
				10000000000000000000000A /* Sources */,
				100000000000000000000004 /* Frameworks */,
				10000000000000000000000B /* Resources */,
			);
			buildRules = (
			);
			dependencies = (
			);
			name = Verba;
			productName = Verba;
			productReference = 100000000000000000000003 /* Verba.app */;
			productType = "com.apple.product-type.application";
		};
/* End PBXNativeTarget section */

/* Begin PBXProject section */
		10000000000000000000000C /* Project object */ = {
			isa = PBXProject;
			attributes = {
				BuildIndependentTargetsInParallel = 1;
				LastSwiftUpdateCheck = 2620;
				LastUpgradeCheck = 2620;
				TargetAttributes = {
					100000000000000000000008 = {
						CreatedOnToolsVersion = 26.2;
					};
				};
			};
			buildConfigurationList = 10000000000000000000000D /* Build configuration list for PBXProject "Verba" */;
			compatibilityVersion = "Xcode 14.0";
			developmentRegion = en;
			hasScannedForEncodings = 0;
			knownRegions = (
				en,
				Base,
			);
			mainGroup = 100000000000000000000005;
			productRefGroup = 100000000000000000000007 /* Products */;
			projectDirPath = "";
			projectRoot = "";
			targets = (
				100000000000000000000008 /* Verba */,
			);
		};
/* End PBXProject section */

/* Begin PBXResourcesBuildPhase section */
		10000000000000000000000B /* Resources */ = {
			isa = PBXResourcesBuildPhase;
			buildActionMask = 2147483647;
			files = (
			);
			runOnlyForDeploymentPostprocessing = 0;
		};
/* End PBXResourcesBuildPhase section */

/* Begin PBXShellScriptBuildPhase section */
		100000000000000000000015 /* Build Rust bridge */ = {
			isa = PBXShellScriptBuildPhase;
			alwaysOutOfDate = 1;
			buildActionMask = 2147483647;
			files = (
			);
			inputFileListPaths = (
			);
			inputPaths = (
			);
			name = "Build Rust bridge";
			outputFileListPaths = (
			);
			outputPaths = (
				"$(SRCROOT)/Generated/module.modulemap",
				"$(SRCROOT)/Generated/verba_ffi.swift",
				"$(SRCROOT)/Generated/verba_ffiFFI.h",
				"$(SRCROOT)/../target/$(RUST_PROFILE)/libverba_ffi.a",
			);
			runOnlyForDeploymentPostprocessing = 0;
			shellPath = /bin/bash;
			shellScript = "\"${SRCROOT}/scripts/build-rust-bridge.sh\"\n";
		};
/* End PBXShellScriptBuildPhase section */

/* Begin PBXSourcesBuildPhase section */
		10000000000000000000000A /* Sources */ = {
			isa = PBXSourcesBuildPhase;
			buildActionMask = 2147483647;
			files = (
				100000000000000000000016 /* MenuBarContentView.swift in Sources */,
				100000000000000000000018 /* PopupContentView.swift in Sources */,
				10000000000000000000001A /* PopupController.swift in Sources */,
				10000000000000000000001C /* PopupPanel.swift in Sources */,
				10000000000000000000001E /* PopupPositioner.swift in Sources */,
				100000000000000000000022 /* PopupPreviewFixtures.swift in Sources */,
				100000000000000000000024 /* ProofreadingResultView.swift in Sources */,
				100000000000000000000020 /* TranslationResultView.swift in Sources */,
				100000000000000000000001 /* VerbaApp.swift in Sources */,
				100000000000000000000012 /* verba_ffi.swift in Sources */,
			);
			runOnlyForDeploymentPostprocessing = 0;
		};
/* End PBXSourcesBuildPhase section */

/* Begin XCBuildConfiguration section */
		10000000000000000000000E /* Debug */ = {
			isa = XCBuildConfiguration;
			buildSettings = {
				CLANG_ENABLE_MODULES = YES;
				CLANG_ENABLE_OBJC_ARC = YES;
				MACOSX_DEPLOYMENT_TARGET = 15.0;
				SDKROOT = macosx;
				SWIFT_ACTIVE_COMPILATION_CONDITIONS = DEBUG;
				SWIFT_OPTIMIZATION_LEVEL = "-Onone";
			};
			name = Debug;
		};
		10000000000000000000000F /* Release */ = {
			isa = XCBuildConfiguration;
			buildSettings = {
				CLANG_ENABLE_MODULES = YES;
				CLANG_ENABLE_OBJC_ARC = YES;
				MACOSX_DEPLOYMENT_TARGET = 15.0;
				SDKROOT = macosx;
				SWIFT_COMPILATION_MODE = wholemodule;
				SWIFT_OPTIMIZATION_LEVEL = "-O";
			};
			name = Release;
		};
		100000000000000000000010 /* Debug */ = {
			isa = XCBuildConfiguration;
			buildSettings = {
				CODE_SIGNING_ALLOWED = NO;
				CURRENT_PROJECT_VERSION = 1;
				GENERATE_INFOPLIST_FILE = YES;
				INFOPLIST_KEY_CFBundleDisplayName = Verba;
				INFOPLIST_KEY_LSApplicationCategoryType = "public.app-category.productivity";
				INFOPLIST_KEY_LSUIElement = YES;
				LD_RUNPATH_SEARCH_PATHS = "$(inherited) @executable_path/../Frameworks";
				MARKETING_VERSION = 0.1.0;
				OTHER_LDFLAGS = (
					"$(inherited)",
					"$(SRCROOT)/../target/debug/libverba_ffi.a",
				);
				PRODUCT_BUNDLE_IDENTIFIER = com.example.Verba;
				PRODUCT_NAME = "$(TARGET_NAME)";
				RUST_PROFILE = debug;
				SWIFT_EMIT_LOC_STRINGS = YES;
				SWIFT_INCLUDE_PATHS = "$(SRCROOT)/Generated";
				SWIFT_VERSION = 6.0;
			};
			name = Debug;
		};
		100000000000000000000011 /* Release */ = {
			isa = XCBuildConfiguration;
			buildSettings = {
				CODE_SIGNING_ALLOWED = NO;
				CURRENT_PROJECT_VERSION = 1;
				GENERATE_INFOPLIST_FILE = YES;
				INFOPLIST_KEY_CFBundleDisplayName = Verba;
				INFOPLIST_KEY_LSApplicationCategoryType = "public.app-category.productivity";
				INFOPLIST_KEY_LSUIElement = YES;
				LD_RUNPATH_SEARCH_PATHS = "$(inherited) @executable_path/../Frameworks";
				MARKETING_VERSION = 0.1.0;
				OTHER_LDFLAGS = (
					"$(inherited)",
					"$(SRCROOT)/../target/release/libverba_ffi.a",
				);
				PRODUCT_BUNDLE_IDENTIFIER = com.example.Verba;
				PRODUCT_NAME = "$(TARGET_NAME)";
				RUST_PROFILE = release;
				SWIFT_EMIT_LOC_STRINGS = YES;
				SWIFT_INCLUDE_PATHS = "$(SRCROOT)/Generated";
				SWIFT_VERSION = 6.0;
			};
			name = Release;
		};
/* End XCBuildConfiguration section */

/* Begin XCConfigurationList section */
		100000000000000000000009 /* Build configuration list for PBXNativeTarget "Verba" */ = {
			isa = XCConfigurationList;
			buildConfigurations = (
				100000000000000000000010 /* Debug */,
				100000000000000000000011 /* Release */,
			);
			defaultConfigurationIsVisible = 0;
			defaultConfigurationName = Release;
		};
		10000000000000000000000D /* Build configuration list for PBXProject "Verba" */ = {
			isa = XCConfigurationList;
			buildConfigurations = (
				10000000000000000000000E /* Debug */,
				10000000000000000000000F /* Release */,
			);
			defaultConfigurationIsVisible = 0;
			defaultConfigurationName = Release;
		};
/* End XCConfigurationList section */
	};
	rootObject = 10000000000000000000000C /* Project object */;
}
